cloud.google.com/go/compute/metadata v0.3.0 h1:Tz+eQXMEqDIKRsmY3cHTL6FVaynIjX2QxYC4trgAKZc=
cloud.google.com/go/compute/metadata v0.3.0/go.mod h1:zFmK7XCadkQkj6TtorcaGlCW1hT1fIilQDwofLpJ20k=
github.com/leaanthony/clir v1.7.0 h1:xiAnhl7ryPwuH3ERwPWZp/pCHk8wTeiwuAOt6MiNyAw=
github.com/leaanthony/clir v1.7.0/go.mod h1:k/RBkdkFl18xkkACMCLt09bhiZnrGORoxmomeMvDpE0=
golang.org/x/oauth2 v0.22.0 h1:BzDx2FehcG7jJwgWLELCdmLuxk2i+x9UDpSiss2u0ZA=
golang.org/x/oauth2 v0.22.0/go.mod h1:XYTD2NtWslqkgxebSiOHnXEap4TF09sJSc7H1sXbhtI=
